// !$*UTF8*$!
{
	archiveVersion = 1;
	classes = {
	};
	objectVersion = 56;
	objects = {

/* Begin PBXBuildFile section */
		6FF397A52ADE54800096B143 /* FlashcardsApp.swift in Sources */ = {isa = PBXBuildFile; fileRef = 6FF397A42ADE54800096B143 /* FlashcardsApp.swift */; };
		6FF397A72ADE54800096B143 /* ContentView.swift in Sources */ = {isa = PBXBuildFile; fileRef = 6FF397A62ADE54800096B143 /* ContentView.swift */; };
		6FF397A92ADE54810096B143 /* Assets.xcassets in Resources */ = {isa = PBXBuildFile; fileRef = 6FF397A82ADE54810096B143 /* Assets.xcassets */; };
		6FF397AC2ADE54810096B143 /* Preview Assets.xcassets in Resources */ = {isa = PBXBuildFile; fileRef = 6FF397AB2ADE54810096B143 /* Preview Assets.xcassets */; };
		6FF397B62ADE54810096B143 /* FlashcardsTests.swift in Sources */ = {isa = PBXBuildFile; fileRef = 6FF397B52ADE54810096B143 /* FlashcardsTests.swift */; };
		6FF397C02ADE54810096B143 /* FlashcardsUITests.swift in Sources */ = {isa = PBXBuildFile; fileRef = 6FF397BF2ADE54810096B143 /* FlashcardsUITests.swift */; };
		6FF397C22ADE54810096B143 /* FlashcardsUITestsLaunchTests.swift in Sources */ = {isa = PBXBuildFile; fileRef = 6FF397C12ADE54810096B143 /* FlashcardsUITestsLaunchTests.swift */; };
		6FF397CF2ADE54940096B143 /* Flashcard.swift in Sources */ = {isa = PBXBuildFile; fileRef = 6FF397CE2ADE54940096B143 /* Flashcard.swift */; };
		6FF397D12ADE55810096B143 /* FlashcardView.swift in Sources */ = {isa = PBXBuildFile; fileRef = 6FF397D02ADE55810096B143 /* FlashcardView.swift */; };
		6FF397D32ADEFA2B0096B143 /* Deck.swift in Sources */ = {isa = PBXBuildFile; fileRef = 6FF397D22ADEFA2B0096B143 /* Deck.swift */; };
		6FF397D52ADEFB050096B143 /* NewDeckView.swift in Sources */ = {isa = PBXBuildFile; fileRef = 6FF397D42ADEFB050096B143 /* NewDeckView.swift */; };
		6FF397D72ADF60560096B143 /* CardEditView.swift in Sources */ = {isa = PBXBuildFile; fileRef = 6FF397D62ADF60560096B143 /* CardEditView.swift */; };
		6FF397D92ADFAE920096B143 /* Collection.swift in Sources */ = {isa = PBXBuildFile; fileRef = 6FF397D82ADFAE920096B143 /* Collection.swift */; };
		6FF397DB2ADFAF1C0096B143 /* DataStore.swift in Sources */ = {isa = PBXBuildFile; fileRef = 6FF397DA2ADFAF1C0096B143 /* DataStore.swift */; };
		6FF397DD2ADFB28B0096B143 /* CollectionView.swift in Sources */ = {isa = PBXBuildFile; fileRef = 6FF397DC2ADFB28B0096B143 /* CollectionView.swift */; };
		6FF397DF2AE0DAEE0096B143 /* DeckView.swift in Sources */ = {isa = PBXBuildFile; fileRef = 6FF397DE2AE0DAEE0096B143 /* DeckView.swift */; };
		6FF397E12AE0DB770096B143 /* DeckListView.swift in Sources */ = {isa = PBXBuildFile; fileRef = 6FF397E02AE0DB770096B143 /* DeckListView.swift */; };
		6FF397E52AE2F1940096B143 /* FlashcardManager.swift in Sources */ = {isa = PBXBuildFile; fileRef = 6FF397E42AE2F1940096B143 /* FlashcardManager.swift */; };
		6FF397EB2AE8DAE70096B143 /* FlashcardEditView.swift in Sources */ = {isa = PBXBuildFile; fileRef = 6FF397EA2AE8DAE70096B143 /* FlashcardEditView.swift */; };
/* End PBXBuildFile section */

/* Begin PBXContainerItemProxy section */
		6FF397B22ADE54810096B143 /* PBXContainerItemProxy */ = {
			isa = PBXContainerItemProxy;
			containerPortal = 6FF397992ADE54800096B143 /* Project object */;
			proxyType = 1;
			remoteGlobalIDString = 6FF397A02ADE54800096B143;
			remoteInfo = Flashcards;
		};
		6FF397BC2ADE54810096B143 /* PBXContainerItemProxy */ = {
			isa = PBXContainerItemProxy;
			containerPortal = 6FF397992ADE54800096B143 /* Project object */;
			proxyType = 1;
			remoteGlobalIDString = 6FF397A02ADE54800096B143;
			remoteInfo = Flashcards;
		};
/* End PBXContainerItemProxy section */

/* Begin PBXFileReference section */
		6FF397A12ADE54800096B143 /* Flashcards.app */ = {isa = PBXFileReference; explicitFileType = wrapper.application; includeInIndex = 0; path = Flashcards.app; sourceTree = BUILT_PRODUCTS_DIR; };
		6FF397A42ADE54800096B143 /* FlashcardsApp.swift */ = {isa = PBXFileReference; lastKnownFileType = sourcecode.swift; path = FlashcardsApp.swift; sourceTree = "<group>"; };
		6FF397A62ADE54800096B143 /* ContentView.swift */ = {isa = PBXFileReference; lastKnownFileType = sourcecode.swift; path = ContentView.swift; sourceTree = "<group>"; };
		6FF397A82ADE54810096B143 /* Assets.xcassets */ = {isa = PBXFileReference; lastKnownFileType = folder.assetcatalog; path = Assets.xcassets; sourceTree = "<group>"; };
		6FF397AB2ADE54810096B143 /* Preview Assets.xcassets */ = {isa = PBXFileReference; lastKnownFileType = folder.assetcatalog; path = "Preview Assets.xcassets"; sourceTree = "<group>"; };
		6FF397B12ADE54810096B143 /* FlashcardsTests.xctest */ = {isa = PBXFileReference; explicitFileType = wrapper.cfbundle; includeInIndex = 0; path = FlashcardsTests.xctest; sourceTree = BUILT_PRODUCTS_DIR; };
		6FF397B52ADE54810096B143 /* FlashcardsTests.swift */ = {isa = PBXFileReference; lastKnownFileType = sourcecode.swift; path = FlashcardsTests.swift; sourceTree = "<group>"; };
		6FF397BB2ADE54810096B143 /* FlashcardsUITests.xctest */ = {isa = PBXFileReference; explicitFileType = wrapper.cfbundle; includeInIndex = 0; path = FlashcardsUITests.xctest; sourceTree = BUILT_PRODUCTS_DIR; };
		6FF397BF2ADE54810096B143 /* FlashcardsUITests.swift */ = {isa = PBXFileReference; lastKnownFileType = sourcecode.swift; path = FlashcardsUITests.swift; sourceTree = "<group>"; };
		6FF397C12ADE54810096B143 /* FlashcardsUITestsLaunchTests.swift */ = {isa = PBXFileReference; lastKnownFileType = sourcecode.swift; path = FlashcardsUITestsLaunchTests.swift; sourceTree = "<group>"; };
		6FF397CE2ADE54940096B143 /* Flashcard.swift */ = {isa = PBXFileReference; lastKnownFileType = sourcecode.swift; path = Flashcard.swift; sourceTree = "<group>"; };
		6FF397D02ADE55810096B143 /* FlashcardView.swift */ = {isa = PBXFileReference; lastKnownFileType = sourcecode.swift; path = FlashcardView.swift; sourceTree = "<group>"; };
		6FF397D22ADEFA2B0096B143 /* Deck.swift */ = {isa = PBXFileReference; lastKnownFileType = sourcecode.swift; path = Deck.swift; sourceTree = "<group>"; };
		6FF397D42ADEFB050096B143 /* NewDeckView.swift */ = {isa = PBXFileReference; lastKnownFileType = sourcecode.swift; path = NewDeckView.swift; sourceTree = "<group>"; };
		6FF397D62ADF60560096B143 /* CardEditView.swift */ = {isa = PBXFileReference; lastKnownFileType = sourcecode.swift; path = CardEditView.swift; sourceTree = "<group>"; };
		6FF397D82ADFAE920096B143 /* Collection.swift */ = {isa = PBXFileReference; lastKnownFileType = sourcecode.swift; path = Collection.swift; sourceTree = "<group>"; };
		6FF397DA2ADFAF1C0096B143 /* DataStore.swift */ = {isa = PBXFileReference; lastKnownFileType = sourcecode.swift; path = DataStore.swift; sourceTree = "<group>"; };
		6FF397DC2ADFB28B0096B143 /* CollectionView.swift */ = {isa = PBXFileReference; lastKnownFileType = sourcecode.swift; path = CollectionView.swift; sourceTree = "<group>"; };
		6FF397DE2AE0DAEE0096B143 /* DeckView.swift */ = {isa = PBXFileReference; lastKnownFileType = sourcecode.swift; path = DeckView.swift; sourceTree = "<group>"; };
		6FF397E02AE0DB770096B143 /* DeckListView.swift */ = {isa = PBXFileReference; lastKnownFileType = sourcecode.swift; path = DeckListView.swift; sourceTree = "<group>"; };
		6FF397E42AE2F1940096B143 /* FlashcardManager.swift */ = {isa = PBXFileReference; lastKnownFileType = sourcecode.swift; path = FlashcardManager.swift; sourceTree = "<group>"; };
		6FF397EA2AE8DAE70096B143 /* FlashcardEditView.swift */ = {isa = PBXFileReference; lastKnownFileType = sourcecode.swift; path = FlashcardEditView.swift; sourceTree = "<group>"; };
/* End PBXFileReference section */

/* Begin PBXFrameworksBuildPhase section */
		6FF3979E2ADE54800096B143 /* Frameworks */ = {
			isa = PBXFrameworksBuildPhase;
			buildActionMask = 2147483647;
			files = (
			);
			runOnlyForDeploymentPostprocessing = 0;
		};
		6FF397AE2ADE54810096B143 /* Frameworks */ = {
			isa = PBXFrameworksBuildPhase;
			buildActionMask = 2147483647;
			files = (
			);
			runOnlyForDeploymentPostprocessing = 0;
		};
		6FF397B82ADE54810096B143 /* Frameworks */ = {
			isa = PBXFrameworksBuildPhase;
			buildActionMask = 2147483647;
			files = (
			);
			runOnlyForDeploymentPostprocessing = 0;
		};
/* End PBXFrameworksBuildPhase section */

/* Begin PBXGroup section */
		6FF397982ADE54800096B143 = {
			isa = PBXGroup;
			children = (
				6FF397A32ADE54800096B143 /* Flashcards */,
				6FF397B42ADE54810096B143 /* FlashcardsTests */,
				6FF397BE2ADE54810096B143 /* FlashcardsUITests */,
				6FF397A22ADE54800096B143 /* Products */,
			);
			sourceTree = "<group>";
		};
		6FF397A22ADE54800096B143 /* Products */ = {
			isa = PBXGroup;
			children = (
				6FF397A12ADE54800096B143 /* Flashcards.app */,
				6FF397B12ADE54810096B143 /* FlashcardsTests.xctest */,
				6FF397BB2ADE54810096B143 /* FlashcardsUITests.xctest */,
			);
			name = Products;
			sourceTree = "<group>";
		};
		6FF397A32ADE54800096B143 /* Flashcards */ = {
			isa = PBXGroup;
			children = (
				6FF397A42ADE54800096B143 /* FlashcardsApp.swift */,
				6FF397A62ADE54800096B143 /* ContentView.swift */,
				6FF397E02AE0DB770096B143 /* DeckListView.swift */,
				6FF397D02ADE55810096B143 /* FlashcardView.swift */,
				6FF397EA2AE8DAE70096B143 /* FlashcardEditView.swift */,
				6FF397E42AE2F1940096B143 /* FlashcardManager.swift */,
				6FF397CE2ADE54940096B143 /* Flashcard.swift */,
				6FF397D22ADEFA2B0096B143 /* Deck.swift */,
				6FF397D42ADEFB050096B143 /* NewDeckView.swift */,
				6FF397D62ADF60560096B143 /* CardEditView.swift */,
				6FF397D82ADFAE920096B143 /* Collection.swift */,
				6FF397DC2ADFB28B0096B143 /* CollectionView.swift */,
				6FF397DE2AE0DAEE0096B143 /* DeckView.swift */,
				6FF397DA2ADFAF1C0096B143 /* DataStore.swift */,
				6FF397A82ADE54810096B143 /* Assets.xcassets */,
				6FF397AA2ADE54810096B143 /* Preview Content */,
			);
			path = Flashcards;
			sourceTree = "<group>";
		};
		6FF397AA2ADE54810096B143 /* Preview Content */ = {
			isa = PBXGroup;
			children = (
				6FF397AB2ADE54810096B143 /* Preview Assets.xcassets */,
			);
			path = "Preview Content";
			sourceTree = "<group>";
		};
		6FF397B42ADE54810096B143 /* FlashcardsTests */ = {
			isa = PBXGroup;
			children = (
				6FF397B52ADE54810096B143 /* FlashcardsTests.swift */,
			);
			path = FlashcardsTests;
			sourceTree = "<group>";
		};
		6FF397BE2ADE54810096B143 /* FlashcardsUITests */ = {
			isa = PBXGroup;
			children = (
				6FF397BF2ADE54810096B143 /* FlashcardsUITests.swift */,
				6FF397C12ADE54810096B143 /* FlashcardsUITestsLaunchTests.swift */,
			);
			path = FlashcardsUITests;
			sourceTree = "<group>";
		};
/* End PBXGroup section */

/* Begin PBXNativeTarget section */
		6FF397A02ADE54800096B143 /* Flashcards */ = {
			isa = PBXNativeTarget;
			buildConfigurationList = 6FF397C52ADE54810096B143 /* Build configuration list for PBXNativeTarget "Flashcards" */;
			buildPhases = (
				6FF3979D2ADE54800096B143 /* Sources */,
				6FF3979E2ADE54800096B143 /* Frameworks */,
				6FF3979F2ADE54800096B143 /* Resources */,
			);
			buildRules = (
			);
			dependencies = (
			);
			name = Flashcards;
			productName = Flashcards;
			productReference = 6FF397A12ADE54800096B143 /* Flashcards.app */;
			productType = "com.apple.product-type.application";
		};
		6FF397B02ADE54810096B143 /* FlashcardsTests */ = {
			isa = PBXNativeTarget;
			buildConfigurationList = 6FF397C82ADE54810096B143 /* Build configuration list for PBXNativeTarget "FlashcardsTests" */;
			buildPhases = (
				6FF397AD2ADE54810096B143 /* Sources */,
				6FF397AE2ADE54810096B143 /* Frameworks */,
				6FF397AF2ADE54810096B143 /* Resources */,
			);
			buildRules = (
			);
			dependencies = (
				6FF397B32ADE54810096B143 /* PBXTargetDependency */,
			);
			name = FlashcardsTests;
			productName = FlashcardsTests;
			productReference = 6FF397B12ADE54810096B143 /* FlashcardsTests.xctest */;
			productType = "com.apple.product-type.bundle.unit-test";
		};
		6FF397BA2ADE54810096B143 /* FlashcardsUITests */ = {
			isa = PBXNativeTarget;
			buildConfigurationList = 6FF397CB2ADE54810096B143 /* Build configuration list for PBXNativeTarget "FlashcardsUITests" */;
			buildPhases = (
				6FF397B72ADE54810096B143 /* Sources */,
				6FF397B82ADE54810096B143 /* Frameworks */,
				6FF397B92ADE54810096B143 /* Resources */,
			);
			buildRules = (
			);
			dependencies = (
				6FF397BD2ADE54810096B143 /* PBXTargetDependency */,
			);
			name = FlashcardsUITests;
			productName = FlashcardsUITests;
			productReference = 6FF397BB2ADE54810096B143 /* FlashcardsUITests.xctest */;
			productType = "com.apple.product-type.bundle.ui-testing";
		};
/* End PBXNativeTarget section */

/* Begin PBXProject section */
		6FF397992ADE54800096B143 /* Project object */ = {
			isa = PBXProject;
			attributes = {
				BuildIndependentTargetsInParallel = 1;
				LastSwiftUpdateCheck = 1430;
				LastUpgradeCheck = 1430;
				TargetAttributes = {
					6FF397A02ADE54800096B143 = {
						CreatedOnToolsVersion = 14.3.1;
					};
					6FF397B02ADE54810096B143 = {
						CreatedOnToolsVersion = 14.3.1;
						TestTargetID = 6FF397A02ADE54800096B143;
					};
					6FF397BA2ADE54810096B143 = {
						CreatedOnToolsVersion = 14.3.1;
						TestTargetID = 6FF397A02ADE54800096B143;
					};
				};
			};
			buildConfigurationList = 6FF3979C2ADE54800096B143 /* Build configuration list for PBXProject "Flashcards" */;
			compatibilityVersion = "Xcode 14.0";
			developmentRegion = en;
			hasScannedForEncodings = 0;
			knownRegions = (
				en,
				Base,
			);
			mainGroup = 6FF397982ADE54800096B143;
			productRefGroup = 6FF397A22ADE54800096B143 /* Products */;
			projectDirPath = "";
			projectRoot = "";
			targets = (
				6FF397A02ADE54800096B143 /* Flashcards */,
				6FF397B02ADE54810096B143 /* FlashcardsTests */,
				6FF397BA2ADE54810096B143 /* FlashcardsUITests */,
			);
		};
/* End PBXProject section */

/* Begin PBXResourcesBuildPhase section */
		6FF3979F2ADE54800096B143 /* Resources */ = {
			isa = PBXResourcesBuildPhase;
			buildActionMask = 2147483647;
			files = (
				6FF397AC2ADE54810096B143 /* Preview Assets.xcassets in Resources */,
				6FF397A92ADE54810096B143 /* Assets.xcassets in Resources */,
			);
			runOnlyForDeploymentPostprocessing = 0;
		};
		6FF397AF2ADE54810096B143 /* Resources */ = {
			isa = PBXResourcesBuildPhase;
			buildActionMask = 2147483647;
			files = (
			);
			runOnlyForDeploymentPostprocessing = 0;
		};
		6FF397B92ADE54810096B143 /* Resources */ = {
			isa = PBXResourcesBuildPhase;
			buildActionMask = 2147483647;
			files = (
			);
			runOnlyForDeploymentPostprocessing = 0;
		};
/* End PBXResourcesBuildPhase section */

/* Begin PBXSourcesBuildPhase section */
		6FF3979D2ADE54800096B143 /* Sources */ = {
			isa = PBXSourcesBuildPhase;
			buildActionMask = 2147483647;
			files = (
				6FF397D52ADEFB050096B143 /* NewDeckView.swift in Sources */,
				6FF397D72ADF60560096B143 /* CardEditView.swift in Sources */,
				6FF397CF2ADE54940096B143 /* Flashcard.swift in Sources */,
				6FF397EB2AE8DAE70096B143 /* FlashcardEditView.swift in Sources */,
				6FF397E12AE0DB770096B143 /* DeckListView.swift in Sources */,
				6FF397E52AE2F1940096B143 /* FlashcardManager.swift in Sources */,
				6FF397D12ADE55810096B143 /* FlashcardView.swift in Sources */,
				6FF397D32ADEFA2B0096B143 /* Deck.swift in Sources */,
				6FF397A72ADE54800096B143 /* ContentView.swift in Sources */,
				6FF397DD2ADFB28B0096B143 /* CollectionView.swift in Sources */,
				6FF397A52ADE54800096B143 /* FlashcardsApp.swift in Sources */,
				6FF397DB2ADFAF1C0096B143 /* DataStore.swift in Sources */,
				6FF397D92ADFAE920096B143 /* Collection.swift in Sources */,
				6FF397DF2AE0DAEE0096B143 /* DeckView.swift in Sources */,
			);
			runOnlyForDeploymentPostprocessing = 0;
		};
		6FF397AD2ADE54810096B143 /* Sources */ = {
			isa = PBXSourcesBuildPhase;
			buildActionMask = 2147483647;
			files = (
				6FF397B62ADE54810096B143 /* FlashcardsTests.swift in Sources */,
			);
			runOnlyForDeploymentPostprocessing = 0;
		};
		6FF397B72ADE54810096B143 /* Sources */ = {
			isa = PBXSourcesBuildPhase;
			buildActionMask = 2147483647;
			files = (
				6FF397C02ADE54810096B143 /* FlashcardsUITests.swift in Sources */,
				6FF397C22ADE54810096B143 /* FlashcardsUITestsLaunchTests.swift in Sources */,
			);
			runOnlyForDeploymentPostprocessing = 0;
		};
/* End PBXSourcesBuildPhase section */

/* Begin PBXTargetDependency section */
		6FF397B32ADE54810096B143 /* PBXTargetDependency */ = {
			isa = PBXTargetDependency;
			target = 6FF397A02ADE54800096B143 /* Flashcards */;
			targetProxy = 6FF397B22ADE54810096B143 /* PBXContainerItemProxy */;
		};
		6FF397BD2ADE54810096B143 /* PBXTargetDependency */ = {
			isa = PBXTargetDependency;
			target = 6FF397A02ADE54800096B143 /* Flashcards */;
			targetProxy = 6FF397BC2ADE54810096B143 /* PBXContainerItemProxy */;
		};
/* End PBXTargetDependency section */

/* Begin XCBuildConfiguration section */
		6FF397C32ADE54810096B143 /* Debug */ = {
			isa = XCBuildConfiguration;
			buildSettings = {
				ALWAYS_SEARCH_USER_PATHS = NO;
				CLANG_ANALYZER_NONNULL = YES;
				CLANG_ANALYZER_NUMBER_OBJECT_CONVERSION = YES_AGGRESSIVE;
				CLANG_CXX_LANGUAGE_STANDARD = "gnu++20";
				CLANG_ENABLE_MODULES = YES;
				CLANG_ENABLE_OBJC_ARC = YES;
				CLANG_ENABLE_OBJC_WEAK = YES;
				CLANG_WARN_BLOCK_CAPTURE_AUTORELEASING = YES;
				CLANG_WARN_BOOL_CONVERSION = YES;
				CLANG_WARN_COMMA = YES;
				CLANG_WARN_CONSTANT_CONVERSION = YES;
				CLANG_WARN_DEPRECATED_OBJC_IMPLEMENTATIONS = YES;
				CLANG_WARN_DIRECT_OBJC_ISA_USAGE = YES_ERROR;
				CLANG_WARN_DOCUMENTATION_COMMENTS = YES;
				CLANG_WARN_EMPTY_BODY = YES;
				CLANG_WARN_ENUM_CONVERSION = YES;
				CLANG_WARN_INFINITE_RECURSION = YES;
				CLANG_WARN_INT_CONVERSION = YES;
				CLANG_WARN_NON_LITERAL_NULL_CONVERSION = YES;
				CLANG_WARN_OBJC_IMPLICIT_RETAIN_SELF = YES;
				CLANG_WARN_OBJC_LITERAL_CONVERSION = YES;
				CLANG_WARN_OBJC_ROOT_CLASS = YES_ERROR;
				CLANG_WARN_QUOTED_INCLUDE_IN_FRAMEWORK_HEADER = YES;
				CLANG_WARN_RANGE_LOOP_ANALYSIS = YES;
				CLANG_WARN_STRICT_PROTOTYPES = YES;
				CLANG_WARN_SUSPICIOUS_MOVE = YES;
				CLANG_WARN_UNGUARDED_AVAILABILITY = YES_AGGRESSIVE;
				CLANG_WARN_UNREACHABLE_CODE = YES;
				CLANG_WARN__DUPLICATE_METHOD_MATCH = YES;
				COPY_PHASE_STRIP = NO;
				DEBUG_INFORMATION_FORMAT = dwarf;
				ENABLE_STRICT_OBJC_MSGSEND = YES;
				ENABLE_TESTABILITY = YES;
				GCC_C_LANGUAGE_STANDARD = gnu11;
				GCC_DYNAMIC_NO_PIC = NO;
				GCC_NO_COMMON_BLOCKS = YES;
				GCC_OPTIMIZATION_LEVEL = 0;
				GCC_PREPROCESSOR_DEFINITIONS = (
					"DEBUG=1",
					"$(inherited)",
				);
				GCC_WARN_64_TO_32_BIT_CONVERSION = YES;
				GCC_WARN_ABOUT_RETURN_TYPE = YES_ERROR;
				GCC_WARN_UNDECLARED_SELECTOR = YES;
				GCC_WARN_UNINITIALIZED_AUTOS = YES_AGGRESSIVE;
				GCC_WARN_UNUSED_FUNCTION = YES;
				GCC_WARN_UNUSED_VARIABLE = YES;
				IPHONEOS_DEPLOYMENT_TARGET = 16.4;
				MTL_ENABLE_DEBUG_INFO = INCLUDE_SOURCE;
				MTL_FAST_MATH = YES;
				ONLY_ACTIVE_ARCH = YES;
				SDKROOT = iphoneos;
				SWIFT_ACTIVE_COMPILATION_CONDITIONS = DEBUG;
				SWIFT_OPTIMIZATION_LEVEL = "-Onone";
			};
			name = Debug;
		};
		6FF397C42ADE54810096B143 /* Release */ = {
			isa = XCBuildConfiguration;
			buildSettings = {
				ALWAYS_SEARCH_USER_PATHS = NO;
				CLANG_ANALYZER_NONNULL = YES;
				CLANG_ANALYZER_NUMBER_OBJECT_CONVERSION = YES_AGGRESSIVE;
				CLANG_CXX_LANGUAGE_STANDARD = "gnu++20";
				CLANG_ENABLE_MODULES = YES;
				CLANG_ENABLE_OBJC_ARC = YES;
				CLANG_ENABLE_OBJC_WEAK = YES;
				CLANG_WARN_BLOCK_CAPTURE_AUTORELEASING = YES;
				CLANG_WARN_BOOL_CONVERSION = YES;
				CLANG_WARN_COMMA = YES;
				CLANG_WARN_CONSTANT_CONVERSION = YES;
				CLANG_WARN_DEPRECATED_OBJC_IMPLEMENTATIONS = YES;
				CLANG_WARN_DIRECT_OBJC_ISA_USAGE = YES_ERROR;
				CLANG_WARN_DOCUMENTATION_COMMENTS = YES;
				CLANG_WARN_EMPTY_BODY = YES;
				CLANG_WARN_ENUM_CONVERSION = YES;
				CLANG_WARN_INFINITE_RECURSION = YES;
				CLANG_WARN_INT_CONVERSION = YES;
				CLANG_WARN_NON_LITERAL_NULL_CONVERSION = YES;
				CLANG_WARN_OBJC_IMPLICIT_RETAIN_SELF = YES;
				CLANG_WARN_OBJC_LITERAL_CONVERSION = YES;
				CLANG_WARN_OBJC_ROOT_CLASS = YES_ERROR;
				CLANG_WARN_QUOTED_INCLUDE_IN_FRAMEWORK_HEADER = YES;
				CLANG_WARN_RANGE_LOOP_ANALYSIS = YES;
				CLANG_WARN_STRICT_PROTOTYPES = YES;
				CLANG_WARN_SUSPICIOUS_MOVE = YES;
				CLANG_WARN_UNGUARDED_AVAILABILITY = YES_AGGRESSIVE;
				CLANG_WARN_UNREACHABLE_CODE = YES;
				CLANG_WARN__DUPLICATE_METHOD_MATCH = YES;
				COPY_PHASE_STRIP = NO;
				DEBUG_INFORMATION_FORMAT = "dwarf-with-dsym";
				ENABLE_NS_ASSERTIONS = NO;
				ENABLE_STRICT_OBJC_MSGSEND = YES;
				GCC_C_LANGUAGE_STANDARD = gnu11;
				GCC_NO_COMMON_BLOCKS = YES;
				GCC_WARN_64_TO_32_BIT_CONVERSION = YES;
				GCC_WARN_ABOUT_RETURN_TYPE = YES_ERROR;
				GCC_WARN_UNDECLARED_SELECTOR = YES;
				GCC_WARN_UNINITIALIZED_AUTOS = YES_AGGRESSIVE;
				GCC_WARN_UNUSED_FUNCTION = YES;
				GCC_WARN_UNUSED_VARIABLE = YES;
				IPHONEOS_DEPLOYMENT_TARGET = 16.4;
				MTL_ENABLE_DEBUG_INFO = NO;
				MTL_FAST_MATH = YES;
				SDKROOT = iphoneos;
				SWIFT_COMPILATION_MODE = wholemodule;
				SWIFT_OPTIMIZATION_LEVEL = "-O";
				VALIDATE_PRODUCT = YES;
			};
			name = Release;
		};
		6FF397C62ADE54810096B143 /* Debug */ = {
			isa = XCBuildConfiguration;
			buildSettings = {
				ASSETCATALOG_COMPILER_APPICON_NAME = AppIcon;
				ASSETCATALOG_COMPILER_GLOBAL_ACCENT_COLOR_NAME = AccentColor;
				CODE_SIGN_STYLE = Automatic;
				CURRENT_PROJECT_VERSION = 1;
				DEVELOPMENT_ASSET_PATHS = "\"Flashcards/Preview Content\"";
				ENABLE_PREVIEWS = YES;
				GENERATE_INFOPLIST_FILE = YES;
				INFOPLIST_KEY_UIApplicationSceneManifest_Generation = YES;
				INFOPLIST_KEY_UIApplicationSupportsIndirectInputEvents = YES;
				INFOPLIST_KEY_UILaunchScreen_Generation = YES;
				INFOPLIST_KEY_UISupportedInterfaceOrientations_iPad = "UIInterfaceOrientationPortrait UIInterfaceOrientationPortraitUpsideDown UIInterfaceOrientationLandscapeLeft UIInterfaceOrientationLandscapeRight";
				INFOPLIST_KEY_UISupportedInterfaceOrientations_iPhone = "UIInterfaceOrientationPortrait UIInterfaceOrientationLandscapeLeft UIInterfaceOrientationLandscapeRight";
				LD_RUNPATH_SEARCH_PATHS = (
					"$(inherited)",
					"@executable_path/Frameworks",
				);
				MARKETING_VERSION = 1.0;
				PRODUCT_BUNDLE_IDENTIFIER = h.Flashcards;
				PRODUCT_NAME = "$(TARGET_NAME)";
				SWIFT_EMIT_LOC_STRINGS = YES;
				SWIFT_VERSION = 5.0;
				TARGETED_DEVICE_FAMILY = "1,2";
			};
			name = Debug;
		};
		6FF397C72ADE54810096B143 /* Release */ = {
			isa = XCBuildConfiguration;
			buildSettings = {
				ASSETCATALOG_COMPILER_APPICON_NAME = AppIcon;
				ASSETCATALOG_COMPILER_GLOBAL_ACCENT_COLOR_NAME = AccentColor;
				CODE_SIGN_STYLE = Automatic;
				CURRENT_PROJECT_VERSION = 1;
				DEVELOPMENT_ASSET_PATHS = "\"Flashcards/Preview Content\"";
				ENABLE_PREVIEWS = YES;
				GENERATE_INFOPLIST_FILE = YES;
				INFOPLIST_KEY_UIApplicationSceneManifest_Generation = YES;
				INFOPLIST_KEY_UIApplicationSupportsIndirectInputEvents = YES;
				INFOPLIST_KEY_UILaunchScreen_Generation = YES;
				INFOPLIST_KEY_UISupportedInterfaceOrientations_iPad = "UIInterfaceOrientationPortrait UIInterfaceOrientationPortraitUpsideDown UIInterfaceOrientationLandscapeLeft UIInterfaceOrientationLandscapeRight";
				INFOPLIST_KEY_UISupportedInterfaceOrientations_iPhone = "UIInterfaceOrientationPortrait UIInterfaceOrientationLandscapeLeft UIInterfaceOrientationLandscapeRight";
				LD_RUNPATH_SEARCH_PATHS = (
					"$(inherited)",
					"@executable_path/Frameworks",
				);
				MARKETING_VERSION = 1.0;
				PRODUCT_BUNDLE_IDENTIFIER = h.Flashcards;
				PRODUCT_NAME = "$(TARGET_NAME)";
				SWIFT_EMIT_LOC_STRINGS = YES;
				SWIFT_VERSION = 5.0;
				TARGETED_DEVICE_FAMILY = "1,2";
			};
			name = Release;
		};
		6FF397C92ADE54810096B143 /* Debug */ = {
			isa = XCBuildConfiguration;
			buildSettings = {
				ALWAYS_EMBED_SWIFT_STANDARD_LIBRARIES = YES;
				BUNDLE_LOADER = "$(TEST_HOST)";
				CODE_SIGN_STYLE = Automatic;
				CURRENT_PROJECT_VERSION = 1;
				GENERATE_INFOPLIST_FILE = YES;
				IPHONEOS_DEPLOYMENT_TARGET = 16.4;
				MARKETING_VERSION = 1.0;
				PRODUCT_BUNDLE_IDENTIFIER = h.FlashcardsTests;
				PRODUCT_NAME = "$(TARGET_NAME)";
				SWIFT_EMIT_LOC_STRINGS = NO;
				SWIFT_VERSION = 5.0;
				TARGETED_DEVICE_FAMILY = "1,2";
				TEST_HOST = "$(BUILT_PRODUCTS_DIR)/Flashcards.app/$(BUNDLE_EXECUTABLE_FOLDER_PATH)/Flashcards";
			};
			name = Debug;
		};
		6FF397CA2ADE54810096B143 /* Release */ = {
			isa = XCBuildConfiguration;
			buildSettings = {
				ALWAYS_EMBED_SWIFT_STANDARD_LIBRARIES = YES;
				BUNDLE_LOADER = "$(TEST_HOST)";
				CODE_SIGN_STYLE = Automatic;
				CURRENT_PROJECT_VERSION = 1;
				GENERATE_INFOPLIST_FILE = YES;
				IPHONEOS_DEPLOYMENT_TARGET = 16.4;
				MARKETING_VERSION = 1.0;
				PRODUCT_BUNDLE_IDENTIFIER = h.FlashcardsTests;
				PRODUCT_NAME = "$(TARGET_NAME)";
				SWIFT_EMIT_LOC_STRINGS = NO;
				SWIFT_VERSION = 5.0;
				TARGETED_DEVICE_FAMILY = "1,2";
				TEST_HOST = "$(BUILT_PRODUCTS_DIR)/Flashcards.app/$(BUNDLE_EXECUTABLE_FOLDER_PATH)/Flashcards";
			};
			name = Release;
		};
		6FF397CC2ADE54810096B143 /* Debug */ = {
			isa = XCBuildConfiguration;
			buildSettings = {
				ALWAYS_EMBED_SWIFT_STANDARD_LIBRARIES = YES;
				"CODE_SIGN_IDENTITY[sdk=macosx*]" = "Apple Development";
				CODE_SIGN_STYLE = Automatic;
				CURRENT_PROJECT_VERSION = 1;
				DEVELOPMENT_TEAM = U594HBJLSR;
				GENERATE_INFOPLIST_FILE = YES;
				MARKETING_VERSION = 1.0;
				PRODUCT_BUNDLE_IDENTIFIER = h.FlashcardsUITests;
				PRODUCT_NAME = "$(TARGET_NAME)";
				SWIFT_EMIT_LOC_STRINGS = NO;
				SWIFT_VERSION = 5.0;
				TARGETED_DEVICE_FAMILY = "1,2";
				TEST_TARGET_NAME = Flashcards;
			};
			name = Debug;
		};
		6FF397CD2ADE54810096B143 /* Release */ = {
			isa = XCBuildConfiguration;
			buildSettings = {
				ALWAYS_EMBED_SWIFT_STANDARD_LIBRARIES = YES;
				"CODE_SIGN_IDENTITY[sdk=macosx*]" = "Apple Development";
				CODE_SIGN_STYLE = Automatic;
				CURRENT_PROJECT_VERSION = 1;
				DEVELOPMENT_TEAM = U594HBJLSR;
				GENERATE_INFOPLIST_FILE = YES;
				MARKETING_VERSION = 1.0;
				PRODUCT_BUNDLE_IDENTIFIER = h.FlashcardsUITests;
				PRODUCT_NAME = "$(TARGET_NAME)";
				SWIFT_EMIT_LOC_STRINGS = NO;
				SWIFT_VERSION = 5.0;
				TARGETED_DEVICE_FAMILY = "1,2";
				TEST_TARGET_NAME = Flashcards;
			};
			name = Release;
		};
/* End XCBuildConfiguration section */

/* Begin XCConfigurationList section */
		6FF3979C2ADE54800096B143 /* Build configuration list for PBXProject "Flashcards" */ = {
			isa = XCConfigurationList;
			buildConfigurations = (
				6FF397C32ADE54810096B143 /* Debug */,
				6FF397C42ADE54810096B143 /* Release */,
			);
			defaultConfigurationIsVisible = 0;
			defaultConfigurationName = Release;
		};
		6FF397C52ADE54810096B143 /* Build configuration list for PBXNativeTarget "Flashcards" */ = {
			isa = XCConfigurationList;
			buildConfigurations = (
				6FF397C62ADE54810096B143 /* Debug */,
				6FF397C72ADE54810096B143 /* Release */,
			);
			defaultConfigurationIsVisible = 0;
			defaultConfigurationName = Release;
		};
		6FF397C82ADE54810096B143 /* Build configuration list for PBXNativeTarget "FlashcardsTests" */ = {
			isa = XCConfigurationList;
			buildConfigurations = (
				6FF397C92ADE54810096B143 /* Debug */,
				6FF397CA2ADE54810096B143 /* Release */,
			);
			defaultConfigurationIsVisible = 0;
			defaultConfigurationName = Release;
		};
		6FF397CB2ADE54810096B143 /* Build configuration list for PBXNativeTarget "FlashcardsUITests" */ = {
			isa = XCConfigurationList;
			buildConfigurations = (
				6FF397CC2ADE54810096B143 /* Debug */,
				6FF397CD2ADE54810096B143 /* Release */,
			);
			defaultConfigurationIsVisible = 0;
			defaultConfigurationName = Release;
		};
/* End XCConfigurationList section */
	};
	rootObject = 6FF397992ADE54800096B143 /* Project object */;
}
